
Microsoft Visual Studio Solution File, Format Version 12.00
# Visual Studio Version 17
VisualStudioVersion = 17.8.34511.84
MinimumVisualStudioVersion = 10.0.40219.1
Project("{FAE04EC0-301F-11D3-BF4B-00C04F79EFBC}") = "WinFormPro", "WinFormPro.csproj", "{B827E4BF-FB92-4D84-9FE3-AE8318A3A564}"
EndProject
Global
	GlobalSection(SolutionConfigurationPlatforms) = preSolution
		Debug|Any CPU = Debug|Any CPU
		Release|Any CPU = Release|Any CPU
	EndGlobalSection
	GlobalSection(ProjectConfigurationPlatforms) = postSolution
		{B827E4BF-FB92-4D84-9FE3-AE8318A3A564}.Debug|Any CPU.ActiveCfg = Debug|Any CPU
		{B827E4BF-FB92-4D84-9FE3-AE8318A3A564}.Debug|Any CPU.Build.0 = Debug|Any CPU
		{B827E4BF-FB92-4D84-9FE3-AE8318A3A564}.Release|Any CPU.ActiveCfg = Release|Any CPU
		{B827E4BF-FB92-4D84-9FE3-AE8318A3A564}.Release|Any CPU.Build.0 = Release|Any CPU
	EndGlobalSection
	GlobalSection(SolutionProperties) = preSolution
		HideSolutionNode = FALSE
	EndGlobalSection
	GlobalSection(ExtensibilityGlobals) = postSolution
		SolutionGuid = {BDA5BA01-9B5A-4DD8-A65A-92CAED75C634}
	EndGlobalSection
EndGlobal
